
Microsoft Visual Studio Solution File, Format Version 12.00
# Visual Studio 15
VisualStudioVersion = 15.0.26730.12
MinimumVisualStudioVersion = 10.0.40219.1
Project("{FAE04EC0-301F-11D3-BF4B-00C04F79EFBC}") = "CristalleGanerLab02", "CristalleGanerLab02\CristalleGanerLab02.csproj", "{AF6FC984-DBCE-49C2-BE12-9EAE929145E8}"
EndProject
Global
	GlobalSection(SolutionConfigurationPlatforms) = preSolution
		Debug|Any CPU = Debug|Any CPU
		Release|Any CPU = Release|Any CPU
	EndGlobalSection
	GlobalSection(ProjectConfigurationPlatforms) = postSolution
		{AF6FC984-DBCE-49C2-BE12-9EAE929145E8}.Debug|Any CPU.ActiveCfg = Debug|Any CPU
		{AF6FC984-DBCE-49C2-BE12-9EAE929145E8}.Debug|Any CPU.Build.0 = Debug|Any CPU
		{AF6FC984-DBCE-49C2-BE12-9EAE929145E8}.Release|Any CPU.ActiveCfg = Release|Any CPU
		{AF6FC984-DBCE-49C2-BE12-9EAE929145E8}.Release|Any CPU.Build.0 = Release|Any CPU
	EndGlobalSection
	GlobalSection(SolutionProperties) = preSolution
		HideSolutionNode = FALSE
	EndGlobalSection
	GlobalSection(ExtensibilityGlobals) = postSolution
		SolutionGuid = {A28D1732-676F-4D36-A77F-E9DEAE2DE4C9}
	EndGlobalSection
EndGlobal
