
Microsoft Visual Studio Solution File, Format Version 12.00
# Visual Studio 15
VisualStudioVersion = 15.0.27004.2005
MinimumVisualStudioVersion = 10.0.40219.1
Project("{FAE04EC0-301F-11D3-BF4B-00C04F79EFBC}") = "CristalleGanterIT1050Test1", "CristalleGanterIT1050Test1\CristalleGanterIT1050Test1.csproj", "{47D8BE1F-4D31-4073-8904-81B9945349CD}"
EndProject
Global
	GlobalSection(SolutionConfigurationPlatforms) = preSolution
		Debug|Any CPU = Debug|Any CPU
		Release|Any CPU = Release|Any CPU
	EndGlobalSection
	GlobalSection(ProjectConfigurationPlatforms) = postSolution
		{47D8BE1F-4D31-4073-8904-81B9945349CD}.Debug|Any CPU.ActiveCfg = Debug|Any CPU
		{47D8BE1F-4D31-4073-8904-81B9945349CD}.Debug|Any CPU.Build.0 = Debug|Any CPU
		{47D8BE1F-4D31-4073-8904-81B9945349CD}.Release|Any CPU.ActiveCfg = Release|Any CPU
		{47D8BE1F-4D31-4073-8904-81B9945349CD}.Release|Any CPU.Build.0 = Release|Any CPU
	EndGlobalSection
	GlobalSection(SolutionProperties) = preSolution
		HideSolutionNode = FALSE
	EndGlobalSection
	GlobalSection(ExtensibilityGlobals) = postSolution
		SolutionGuid = {9DF5E0F7-D2A6-47A7-8239-300B95D7F145}
	EndGlobalSection
EndGlobal
