
Microsoft Visual Studio Solution File, Format Version 12.00
# Visual Studio 15
VisualStudioVersion = 15.0.26730.12
MinimumVisualStudioVersion = 10.0.40219.1
Project("{FAE04EC0-301F-11D3-BF4B-00C04F79EFBC}") = "justmessingaround", "justmessingaround\justmessingaround.csproj", "{2FFCC0A5-8589-457F-AA0B-C1BFD75D81F1}"
EndProject
Global
	GlobalSection(SolutionConfigurationPlatforms) = preSolution
		Debug|Any CPU = Debug|Any CPU
		Release|Any CPU = Release|Any CPU
	EndGlobalSection
	GlobalSection(ProjectConfigurationPlatforms) = postSolution
		{2FFCC0A5-8589-457F-AA0B-C1BFD75D81F1}.Debug|Any CPU.ActiveCfg = Debug|Any CPU
		{2FFCC0A5-8589-457F-AA0B-C1BFD75D81F1}.Debug|Any CPU.Build.0 = Debug|Any CPU
		{2FFCC0A5-8589-457F-AA0B-C1BFD75D81F1}.Release|Any CPU.ActiveCfg = Release|Any CPU
		{2FFCC0A5-8589-457F-AA0B-C1BFD75D81F1}.Release|Any CPU.Build.0 = Release|Any CPU
	EndGlobalSection
	GlobalSection(SolutionProperties) = preSolution
		HideSolutionNode = FALSE
	EndGlobalSection
	GlobalSection(ExtensibilityGlobals) = postSolution
		SolutionGuid = {F35DD04E-0B25-4B23-8828-429C7C3BA99F}
	EndGlobalSection
EndGlobal
